
Microsoft Visual Studio Solution File, Format Version 12.00
# Visual Studio Version 17
VisualStudioVersion = 17.0.32112.339
MinimumVisualStudioVersion = 10.0.40219.1
Project("{9A19103F-16F7-4668-BE54-9A1E7A4F7556}") = "ReportService", "ReportService.csproj", "{2FAB7C9B-1F4C-4D45-99B0-A7F94DFC36F8}"
EndProject
Project("{FAE04EC0-301F-11D3-BF4B-00C04F79EFBC}") = "RDLCDesing", "..\RDLCDesing\RDLCDesing.csproj", "{A38AE727-C964-4592-AC8B-BCE0C98AB129}"
EndProject
Global
	GlobalSection(SolutionConfigurationPlatforms) = preSolution
		Debug|Any CPU = Debug|Any CPU
		Release|Any CPU = Release|Any CPU
	EndGlobalSection
	GlobalSection(ProjectConfigurationPlatforms) = postSolution
		{2FAB7C9B-1F4C-4D45-99B0-A7F94DFC36F8}.Debug|Any CPU.ActiveCfg = Debug|Any CPU
		{2FAB7C9B-1F4C-4D45-99B0-A7F94DFC36F8}.Debug|Any CPU.Build.0 = Debug|Any CPU
		{2FAB7C9B-1F4C-4D45-99B0-A7F94DFC36F8}.Release|Any CPU.ActiveCfg = Release|Any CPU
		{2FAB7C9B-1F4C-4D45-99B0-A7F94DFC36F8}.Release|Any CPU.Build.0 = Release|Any CPU
		{A38AE727-C964-4592-AC8B-BCE0C98AB129}.Debug|Any CPU.ActiveCfg = Debug|Any CPU
		{A38AE727-C964-4592-AC8B-BCE0C98AB129}.Debug|Any CPU.Build.0 = Debug|Any CPU
		{A38AE727-C964-4592-AC8B-BCE0C98AB129}.Release|Any CPU.ActiveCfg = Release|Any CPU
		{A38AE727-C964-4592-AC8B-BCE0C98AB129}.Release|Any CPU.Build.0 = Release|Any CPU
	EndGlobalSection
	GlobalSection(SolutionProperties) = preSolution
		HideSolutionNode = FALSE
	EndGlobalSection
	GlobalSection(ExtensibilityGlobals) = postSolution
		SolutionGuid = {EEA3298F-0086-4834-B0AF-333E6A0E7C6B}
	EndGlobalSection
EndGlobal
